
Microsoft Visual Studio Solution File, Format Version 12.00
# Visual Studio Version 17
VisualStudioVersion = 17.8.34330.188
MinimumVisualStudioVersion = 10.0.40219.1
Project("{9A19103F-16F7-4668-BE54-9A1E7A4F7556}") = "DKSKOfficial", "DKSKOfficial.csproj", "{255F2E1F-35F0-4C62-925F-F01BCD3D050E}"
EndProject
Global
	GlobalSection(SolutionConfigurationPlatforms) = preSolution
		Debug|Any CPU = Debug|Any CPU
		Release|Any CPU = Release|Any CPU
	EndGlobalSection
	GlobalSection(ProjectConfigurationPlatforms) = postSolution
		{255F2E1F-35F0-4C62-925F-F01BCD3D050E}.Debug|Any CPU.ActiveCfg = Debug|Any CPU
		{255F2E1F-35F0-4C62-925F-F01BCD3D050E}.Debug|Any CPU.Build.0 = Debug|Any CPU
		{255F2E1F-35F0-4C62-925F-F01BCD3D050E}.Release|Any CPU.ActiveCfg = Release|Any CPU
		{255F2E1F-35F0-4C62-925F-F01BCD3D050E}.Release|Any CPU.Build.0 = Release|Any CPU
	EndGlobalSection
	GlobalSection(SolutionProperties) = preSolution
		HideSolutionNode = FALSE
	EndGlobalSection
	GlobalSection(ExtensibilityGlobals) = postSolution
		SolutionGuid = {0C562093-0432-47DC-9A33-4C006E331100}
	EndGlobalSection
EndGlobal
